
Microsoft Visual Studio Solution File, Format Version 12.00
Project("{FAE04EC0-301F-11D3-BF4B-00C04F79EFBC}") = "REPM.API", "REPM.API\REPM.API.csproj", "{E072A64A-5947-46F4-9FF9-A290CA7A57FD}"
EndProject
Project("{FAE04EC0-301F-11D3-BF4B-00C04F79EFBC}") = "REPM.Application", "REPM.Application\REPM.Application.csproj", "{80C30B0D-D8FE-4A61-B003-17F3D940637E}"
EndProject
Project("{FAE04EC0-301F-11D3-BF4B-00C04F79EFBC}") = "REPM.Domain", "REPM.Domain\REPM.Domain.csproj", "{1F79B4B7-1507-4CF1-A06A-CA1246A1C155}"
EndProject
Project("{FAE04EC0-301F-11D3-BF4B-00C04F79EFBC}") = "REPM.Infrastructure", "REPM.Infrastructure\REPM.Infrastructure.csproj", "{975BA645-8E70-4FDA-BD3D-8F630BAE5F22}"
EndProject
Global
	GlobalSection(SolutionConfigurationPlatforms) = preSolution
		Debug|Any CPU = Debug|Any CPU
		Release|Any CPU = Release|Any CPU
	EndGlobalSection
	GlobalSection(ProjectConfigurationPlatforms) = postSolution
		{E072A64A-5947-46F4-9FF9-A290CA7A57FD}.Debug|Any CPU.ActiveCfg = Debug|Any CPU
		{E072A64A-5947-46F4-9FF9-A290CA7A57FD}.Debug|Any CPU.Build.0 = Debug|Any CPU
		{E072A64A-5947-46F4-9FF9-A290CA7A57FD}.Release|Any CPU.ActiveCfg = Release|Any CPU
		{E072A64A-5947-46F4-9FF9-A290CA7A57FD}.Release|Any CPU.Build.0 = Release|Any CPU
		{80C30B0D-D8FE-4A61-B003-17F3D940637E}.Debug|Any CPU.ActiveCfg = Debug|Any CPU
		{80C30B0D-D8FE-4A61-B003-17F3D940637E}.Debug|Any CPU.Build.0 = Debug|Any CPU
		{80C30B0D-D8FE-4A61-B003-17F3D940637E}.Release|Any CPU.ActiveCfg = Release|Any CPU
		{80C30B0D-D8FE-4A61-B003-17F3D940637E}.Release|Any CPU.Build.0 = Release|Any CPU
		{1F79B4B7-1507-4CF1-A06A-CA1246A1C155}.Debug|Any CPU.ActiveCfg = Debug|Any CPU
		{1F79B4B7-1507-4CF1-A06A-CA1246A1C155}.Debug|Any CPU.Build.0 = Debug|Any CPU
		{1F79B4B7-1507-4CF1-A06A-CA1246A1C155}.Release|Any CPU.ActiveCfg = Release|Any CPU
		{1F79B4B7-1507-4CF1-A06A-CA1246A1C155}.Release|Any CPU.Build.0 = Release|Any CPU
		{975BA645-8E70-4FDA-BD3D-8F630BAE5F22}.Debug|Any CPU.ActiveCfg = Debug|Any CPU
		{975BA645-8E70-4FDA-BD3D-8F630BAE5F22}.Debug|Any CPU.Build.0 = Debug|Any CPU
		{975BA645-8E70-4FDA-BD3D-8F630BAE5F22}.Release|Any CPU.ActiveCfg = Release|Any CPU
		{975BA645-8E70-4FDA-BD3D-8F630BAE5F22}.Release|Any CPU.Build.0 = Release|Any CPU
	EndGlobalSection
EndGlobal
